
Microsoft Visual Studio Solution File, Format Version 12.00
# Visual Studio Version 17
VisualStudioVersion = 17.13.35806.99 d17.13
MinimumVisualStudioVersion = 10.0.40219.1
Project("{FAE04EC0-301F-11D3-BF4B-00C04F79EFBC}") = "ExamenP1SebastianVallejo", "ExamenP1SebastianVallejo\ExamenP1SebastianVallejo.csproj", "{F46D5842-BE35-43CB-8ECD-3E4A5AAA7573}"
EndProject
Global
	GlobalSection(SolutionConfigurationPlatforms) = preSolution
		Debug|Any CPU = Debug|Any CPU
		Release|Any CPU = Release|Any CPU
	EndGlobalSection
	GlobalSection(ProjectConfigurationPlatforms) = postSolution
		{F46D5842-BE35-43CB-8ECD-3E4A5AAA7573}.Debug|Any CPU.ActiveCfg = Debug|Any CPU
		{F46D5842-BE35-43CB-8ECD-3E4A5AAA7573}.Debug|Any CPU.Build.0 = Debug|Any CPU
		{F46D5842-BE35-43CB-8ECD-3E4A5AAA7573}.Release|Any CPU.ActiveCfg = Release|Any CPU
		{F46D5842-BE35-43CB-8ECD-3E4A5AAA7573}.Release|Any CPU.Build.0 = Release|Any CPU
	EndGlobalSection
	GlobalSection(SolutionProperties) = preSolution
		HideSolutionNode = FALSE
	EndGlobalSection
	GlobalSection(ExtensibilityGlobals) = postSolution
		SolutionGuid = {007E8775-6B0E-4AE6-8D2F-E90B9D193E44}
	EndGlobalSection
EndGlobal
